
Microsoft Visual Studio Solution File, Format Version 12.00
# Visual Studio Version 17
VisualStudioVersion = 17.8.34330.188
MinimumVisualStudioVersion = 10.0.40219.1
Project("{FAE04EC0-301F-11D3-BF4B-00C04F79EFBC}") = "pokedex-web", "pokedex-web\pokedex-web.csproj", "{3CC77FBC-C0EA-4A88-8821-2FE33BEA328E}"
EndProject
Global
	GlobalSection(SolutionConfigurationPlatforms) = preSolution
		Debug|Any CPU = Debug|Any CPU
		Release|Any CPU = Release|Any CPU
	EndGlobalSection
	GlobalSection(ProjectConfigurationPlatforms) = postSolution
		{3CC77FBC-C0EA-4A88-8821-2FE33BEA328E}.Debug|Any CPU.ActiveCfg = Debug|Any CPU
		{3CC77FBC-C0EA-4A88-8821-2FE33BEA328E}.Debug|Any CPU.Build.0 = Debug|Any CPU
		{3CC77FBC-C0EA-4A88-8821-2FE33BEA328E}.Release|Any CPU.ActiveCfg = Release|Any CPU
		{3CC77FBC-C0EA-4A88-8821-2FE33BEA328E}.Release|Any CPU.Build.0 = Release|Any CPU
	EndGlobalSection
	GlobalSection(SolutionProperties) = preSolution
		HideSolutionNode = FALSE
	EndGlobalSection
	GlobalSection(ExtensibilityGlobals) = postSolution
		SolutionGuid = {163C54FB-ED88-4FC8-9210-3CEE4A22AA76}
	EndGlobalSection
EndGlobal
